
Microsoft Visual Studio Solution File, Format Version 12.00
# Visual Studio 15
VisualStudioVersion = 15.0.28010.0
MinimumVisualStudioVersion = 10.0.40219.1
Project("{8BC9CEB8-8B4A-11D0-8D11-00A0C91BC942}") = "Crater", "..\mapgen\Crater.vcxproj", "{AE2C61C4-F53E-4FDC-A5A6-AE84BFF96560}"
EndProject
Project("{8BC9CEB8-8B4A-11D0-8D11-00A0C91BC942}") = "Plasma2", "..\mapgen\Plasma2.vcxproj", "{0D96403D-F3A5-4478-B982-A7443FBA0E48}"
EndProject
Project("{8BC9CEB8-8B4A-11D0-8D11-00A0C91BC942}") = "ctp2", "civctp.vcxproj", "{EEC4965A-5DF7-4B8D-B92C-06F222916EC1}"
EndProject
Project("{8BC9CEB8-8B4A-11D0-8D11-00A0C91BC942}") = "dbgen", "..\gs\dbgen\dbgen.vcxproj", "{449EF459-6E5A-4AB1-BB16-58E96B2F43C7}"
EndProject
Project("{8BC9CEB8-8B4A-11D0-8D11-00A0C91BC942}") = "fault", "..\mapgen\fault.vcxproj", "{93334403-FB1E-4F47-8A45-4C72C8D3F609}"
EndProject
Project("{8BC9CEB8-8B4A-11D0-8D11-00A0C91BC942}") = "geometric", "..\mapgen\geometric.vcxproj", "{875F1620-E712-40C5-98C6-574F95243992}"
EndProject
Project("{8BC9CEB8-8B4A-11D0-8D11-00A0C91BC942}") = "BaseClasses", "..\..\dshow\baseclasses\baseclasses.vcxproj", "{E8A3F6FA-AE1C-4C8E-A0B6-9C8480324EAA}"
EndProject
Global
	GlobalSection(SolutionConfigurationPlatforms) = preSolution
		Debug Browse|x64 = Debug Browse|x64
		Debug Browse|x86 = Debug Browse|x86
		Debug_MBCS|x64 = Debug_MBCS|x64
		Debug_MBCS|x86 = Debug_MBCS|x86
		Debug|x64 = Debug|x64
		Debug|x86 = Debug|x86
		Final with Logging|x64 = Final with Logging|x64
		Final with Logging|x86 = Final with Logging|x86
		Final|x64 = Final|x64
		Final|x86 = Final|x86
		Leaks|x64 = Leaks|x64
		Leaks|x86 = Leaks|x86
		NDebug|x64 = NDebug|x64
		NDebug|x86 = NDebug|x86
		Optimized Test|x64 = Optimized Test|x64
		Optimized Test|x86 = Optimized Test|x86
		Release_MBCS|x64 = Release_MBCS|x64
		Release_MBCS|x86 = Release_MBCS|x86
		Release|x64 = Release|x64
		Release|x86 = Release|x86
		Template|x64 = Template|x64
		Template|x86 = Template|x86
		Test|x64 = Test|x64
		Test|x86 = Test|x86
	EndGlobalSection
	GlobalSection(ProjectConfigurationPlatforms) = postSolution
		{AE2C61C4-F53E-4FDC-A5A6-AE84BFF96560}.Debug Browse|x64.ActiveCfg = Debug Browse|Win32
		{AE2C61C4-F53E-4FDC-A5A6-AE84BFF96560}.Debug Browse|x86.ActiveCfg = Debug Browse|Win32
		{AE2C61C4-F53E-4FDC-A5A6-AE84BFF96560}.Debug Browse|x86.Build.0 = Debug Browse|Win32
		{AE2C61C4-F53E-4FDC-A5A6-AE84BFF96560}.Debug_MBCS|x64.ActiveCfg = Test|Win32
		{AE2C61C4-F53E-4FDC-A5A6-AE84BFF96560}.Debug_MBCS|x64.Build.0 = Test|Win32
		{AE2C61C4-F53E-4FDC-A5A6-AE84BFF96560}.Debug_MBCS|x86.ActiveCfg = Debug Browse|Win32
		{AE2C61C4-F53E-4FDC-A5A6-AE84BFF96560}.Debug_MBCS|x86.Build.0 = Debug Browse|Win32
		{AE2C61C4-F53E-4FDC-A5A6-AE84BFF96560}.Debug|x64.ActiveCfg = Debug|Win32
		{AE2C61C4-F53E-4FDC-A5A6-AE84BFF96560}.Debug|x86.ActiveCfg = Debug|Win32
		{AE2C61C4-F53E-4FDC-A5A6-AE84BFF96560}.Debug|x86.Build.0 = Debug|Win32
		{AE2C61C4-F53E-4FDC-A5A6-AE84BFF96560}.Final with Logging|x64.ActiveCfg = Test|Win32
		{AE2C61C4-F53E-4FDC-A5A6-AE84BFF96560}.Final with Logging|x64.Build.0 = Test|Win32
		{AE2C61C4-F53E-4FDC-A5A6-AE84BFF96560}.Final with Logging|x86.ActiveCfg = Final|Win32
		{AE2C61C4-F53E-4FDC-A5A6-AE84BFF96560}.Final with Logging|x86.Build.0 = Final|Win32
		{AE2C61C4-F53E-4FDC-A5A6-AE84BFF96560}.Final|x64.ActiveCfg = Final|Win32
		{AE2C61C4-F53E-4FDC-A5A6-AE84BFF96560}.Final|x86.ActiveCfg = Final|Win32
		{AE2C61C4-F53E-4FDC-A5A6-AE84BFF96560}.Final|x86.Build.0 = Final|Win32
		{AE2C61C4-F53E-4FDC-A5A6-AE84BFF96560}.Leaks|x64.ActiveCfg = Leaks|Win32
		{AE2C61C4-F53E-4FDC-A5A6-AE84BFF96560}.Leaks|x86.ActiveCfg = Leaks|Win32
		{AE2C61C4-F53E-4FDC-A5A6-AE84BFF96560}.Leaks|x86.Build.0 = Leaks|Win32
		{AE2C61C4-F53E-4FDC-A5A6-AE84BFF96560}.NDebug|x64.ActiveCfg = NDebug|Win32
		{AE2C61C4-F53E-4FDC-A5A6-AE84BFF96560}.NDebug|x86.ActiveCfg = NDebug|Win32
		{AE2C61C4-F53E-4FDC-A5A6-AE84BFF96560}.NDebug|x86.Build.0 = NDebug|Win32
		{AE2C61C4-F53E-4FDC-A5A6-AE84BFF96560}.Optimized Test|x64.ActiveCfg = Test|Win32
		{AE2C61C4-F53E-4FDC-A5A6-AE84BFF96560}.Optimized Test|x64.Build.0 = Test|Win32
		{AE2C61C4-F53E-4FDC-A5A6-AE84BFF96560}.Optimized Test|x86.ActiveCfg = Test|Win32
		{AE2C61C4-F53E-4FDC-A5A6-AE84BFF96560}.Optimized Test|x86.Build.0 = Test|Win32
		{AE2C61C4-F53E-4FDC-A5A6-AE84BFF96560}.Release_MBCS|x64.ActiveCfg = Test|Win32
		{AE2C61C4-F53E-4FDC-A5A6-AE84BFF96560}.Release_MBCS|x64.Build.0 = Test|Win32
		{AE2C61C4-F53E-4FDC-A5A6-AE84BFF96560}.Release_MBCS|x86.ActiveCfg = Release|Win32
		{AE2C61C4-F53E-4FDC-A5A6-AE84BFF96560}.Release_MBCS|x86.Build.0 = Release|Win32
		{AE2C61C4-F53E-4FDC-A5A6-AE84BFF96560}.Release|x64.ActiveCfg = Release|Win32
		{AE2C61C4-F53E-4FDC-A5A6-AE84BFF96560}.Release|x86.ActiveCfg = Release|Win32
		{AE2C61C4-F53E-4FDC-A5A6-AE84BFF96560}.Release|x86.Build.0 = Release|Win32
		{AE2C61C4-F53E-4FDC-A5A6-AE84BFF96560}.Template|x64.ActiveCfg = Test|Win32
		{AE2C61C4-F53E-4FDC-A5A6-AE84BFF96560}.Template|x64.Build.0 = Test|Win32
		{AE2C61C4-F53E-4FDC-A5A6-AE84BFF96560}.Template|x86.ActiveCfg = Test|Win32
		{AE2C61C4-F53E-4FDC-A5A6-AE84BFF96560}.Template|x86.Build.0 = Test|Win32
		{AE2C61C4-F53E-4FDC-A5A6-AE84BFF96560}.Test|x64.ActiveCfg = Test|Win32
		{AE2C61C4-F53E-4FDC-A5A6-AE84BFF96560}.Test|x86.ActiveCfg = Test|Win32
		{AE2C61C4-F53E-4FDC-A5A6-AE84BFF96560}.Test|x86.Build.0 = Test|Win32
		{0D96403D-F3A5-4478-B982-A7443FBA0E48}.Debug Browse|x64.ActiveCfg = Debug Browse|Win32
		{0D96403D-F3A5-4478-B982-A7443FBA0E48}.Debug Browse|x86.ActiveCfg = Debug Browse|Win32
		{0D96403D-F3A5-4478-B982-A7443FBA0E48}.Debug Browse|x86.Build.0 = Debug Browse|Win32
		{0D96403D-F3A5-4478-B982-A7443FBA0E48}.Debug_MBCS|x64.ActiveCfg = Test|Win32
		{0D96403D-F3A5-4478-B982-A7443FBA0E48}.Debug_MBCS|x64.Build.0 = Test|Win32
		{0D96403D-F3A5-4478-B982-A7443FBA0E48}.Debug_MBCS|x86.ActiveCfg = Debug Browse|Win32
		{0D96403D-F3A5-4478-B982-A7443FBA0E48}.Debug_MBCS|x86.Build.0 = Debug Browse|Win32
		{0D96403D-F3A5-4478-B982-A7443FBA0E48}.Debug|x64.ActiveCfg = Debug|Win32
		{0D96403D-F3A5-4478-B982-A7443FBA0E48}.Debug|x86.ActiveCfg = Debug|Win32
		{0D96403D-F3A5-4478-B982-A7443FBA0E48}.Debug|x86.Build.0 = Debug|Win32
		{0D96403D-F3A5-4478-B982-A7443FBA0E48}.Final with Logging|x64.ActiveCfg = Test|Win32
		{0D96403D-F3A5-4478-B982-A7443FBA0E48}.Final with Logging|x64.Build.0 = Test|Win32
		{0D96403D-F3A5-4478-B982-A7443FBA0E48}.Final with Logging|x86.ActiveCfg = Final|Win32
		{0D96403D-F3A5-4478-B982-A7443FBA0E48}.Final with Logging|x86.Build.0 = Final|Win32
		{0D96403D-F3A5-4478-B982-A7443FBA0E48}.Final|x64.ActiveCfg = Final|Win32
		{0D96403D-F3A5-4478-B982-A7443FBA0E48}.Final|x86.ActiveCfg = Final|Win32
		{0D96403D-F3A5-4478-B982-A7443FBA0E48}.Final|x86.Build.0 = Final|Win32
		{0D96403D-F3A5-4478-B982-A7443FBA0E48}.Leaks|x64.ActiveCfg = Leaks|Win32
		{0D96403D-F3A5-4478-B982-A7443FBA0E48}.Leaks|x86.ActiveCfg = Leaks|Win32
		{0D96403D-F3A5-4478-B982-A7443FBA0E48}.Leaks|x86.Build.0 = Leaks|Win32
		{0D96403D-F3A5-4478-B982-A7443FBA0E48}.NDebug|x64.ActiveCfg = NDebug|Win32
		{0D96403D-F3A5-4478-B982-A7443FBA0E48}.NDebug|x86.ActiveCfg = NDebug|Win32
		{0D96403D-F3A5-4478-B982-A7443FBA0E48}.NDebug|x86.Build.0 = NDebug|Win32
		{0D96403D-F3A5-4478-B982-A7443FBA0E48}.Optimized Test|x64.ActiveCfg = Test|Win32
		{0D96403D-F3A5-4478-B982-A7443FBA0E48}.Optimized Test|x64.Build.0 = Test|Win32
		{0D96403D-F3A5-4478-B982-A7443FBA0E48}.Optimized Test|x86.ActiveCfg = Test|Win32
		{0D96403D-F3A5-4478-B982-A7443FBA0E48}.Optimized Test|x86.Build.0 = Test|Win32
		{0D96403D-F3A5-4478-B982-A7443FBA0E48}.Release_MBCS|x64.ActiveCfg = Test|Win32
		{0D96403D-F3A5-4478-B982-A7443FBA0E48}.Release_MBCS|x64.Build.0 = Test|Win32
		{0D96403D-F3A5-4478-B982-A7443FBA0E48}.Release_MBCS|x86.ActiveCfg = Release|Win32
		{0D96403D-F3A5-4478-B982-A7443FBA0E48}.Release_MBCS|x86.Build.0 = Release|Win32
		{0D96403D-F3A5-4478-B982-A7443FBA0E48}.Release|x64.ActiveCfg = Release|Win32
		{0D96403D-F3A5-4478-B982-A7443FBA0E48}.Release|x86.ActiveCfg = Release|Win32
		{0D96403D-F3A5-4478-B982-A7443FBA0E48}.Release|x86.Build.0 = Release|Win32
		{0D96403D-F3A5-4478-B982-A7443FBA0E48}.Template|x64.ActiveCfg = Template|Win32
		{0D96403D-F3A5-4478-B982-A7443FBA0E48}.Template|x86.ActiveCfg = Template|Win32
		{0D96403D-F3A5-4478-B982-A7443FBA0E48}.Template|x86.Build.0 = Template|Win32
		{0D96403D-F3A5-4478-B982-A7443FBA0E48}.Test|x64.ActiveCfg = Test|Win32
		{0D96403D-F3A5-4478-B982-A7443FBA0E48}.Test|x86.ActiveCfg = Test|Win32
		{0D96403D-F3A5-4478-B982-A7443FBA0E48}.Test|x86.Build.0 = Test|Win32
		{EEC4965A-5DF7-4B8D-B92C-06F222916EC1}.Debug Browse|x64.ActiveCfg = Debug Browse|Win32
		{EEC4965A-5DF7-4B8D-B92C-06F222916EC1}.Debug Browse|x86.ActiveCfg = Debug Browse|Win32
		{EEC4965A-5DF7-4B8D-B92C-06F222916EC1}.Debug Browse|x86.Build.0 = Debug Browse|Win32
		{EEC4965A-5DF7-4B8D-B92C-06F222916EC1}.Debug_MBCS|x64.ActiveCfg = Test|Win32
		{EEC4965A-5DF7-4B8D-B92C-06F222916EC1}.Debug_MBCS|x64.Build.0 = Test|Win32
		{EEC4965A-5DF7-4B8D-B92C-06F222916EC1}.Debug_MBCS|x86.ActiveCfg = Debug Browse|Win32
		{EEC4965A-5DF7-4B8D-B92C-06F222916EC1}.Debug_MBCS|x86.Build.0 = Debug Browse|Win32
		{EEC4965A-5DF7-4B8D-B92C-06F222916EC1}.Debug|x64.ActiveCfg = Debug|Win32
		{EEC4965A-5DF7-4B8D-B92C-06F222916EC1}.Debug|x86.ActiveCfg = Debug|Win32
		{EEC4965A-5DF7-4B8D-B92C-06F222916EC1}.Debug|x86.Build.0 = Debug|Win32
		{EEC4965A-5DF7-4B8D-B92C-06F222916EC1}.Final with Logging|x64.ActiveCfg = Final with Logging|Win32
		{EEC4965A-5DF7-4B8D-B92C-06F222916EC1}.Final with Logging|x86.ActiveCfg = Final with Logging|Win32
		{EEC4965A-5DF7-4B8D-B92C-06F222916EC1}.Final with Logging|x86.Build.0 = Final with Logging|Win32
		{EEC4965A-5DF7-4B8D-B92C-06F222916EC1}.Final|x64.ActiveCfg = Final|Win32
		{EEC4965A-5DF7-4B8D-B92C-06F222916EC1}.Final|x86.ActiveCfg = Final|Win32
		{EEC4965A-5DF7-4B8D-B92C-06F222916EC1}.Final|x86.Build.0 = Final|Win32
		{EEC4965A-5DF7-4B8D-B92C-06F222916EC1}.Leaks|x64.ActiveCfg = Test|Win32
		{EEC4965A-5DF7-4B8D-B92C-06F222916EC1}.Leaks|x64.Build.0 = Test|Win32
		{EEC4965A-5DF7-4B8D-B92C-06F222916EC1}.Leaks|x86.ActiveCfg = Test|Win32
		{EEC4965A-5DF7-4B8D-B92C-06F222916EC1}.Leaks|x86.Build.0 = Test|Win32
		{EEC4965A-5DF7-4B8D-B92C-06F222916EC1}.NDebug|x64.ActiveCfg = NDebug|Win32
		{EEC4965A-5DF7-4B8D-B92C-06F222916EC1}.NDebug|x86.ActiveCfg = NDebug|Win32
		{EEC4965A-5DF7-4B8D-B92C-06F222916EC1}.NDebug|x86.Build.0 = NDebug|Win32
		{EEC4965A-5DF7-4B8D-B92C-06F222916EC1}.Optimized Test|x64.ActiveCfg = Optimized Test|Win32
		{EEC4965A-5DF7-4B8D-B92C-06F222916EC1}.Optimized Test|x86.ActiveCfg = Optimized Test|Win32
		{EEC4965A-5DF7-4B8D-B92C-06F222916EC1}.Optimized Test|x86.Build.0 = Optimized Test|Win32
		{EEC4965A-5DF7-4B8D-B92C-06F222916EC1}.Release_MBCS|x64.ActiveCfg = Test|Win32
		{EEC4965A-5DF7-4B8D-B92C-06F222916EC1}.Release_MBCS|x64.Build.0 = Test|Win32
		{EEC4965A-5DF7-4B8D-B92C-06F222916EC1}.Release_MBCS|x86.ActiveCfg = Release|Win32
		{EEC4965A-5DF7-4B8D-B92C-06F222916EC1}.Release_MBCS|x86.Build.0 = Release|Win32
		{EEC4965A-5DF7-4B8D-B92C-06F222916EC1}.Release|x64.ActiveCfg = Release|Win32
		{EEC4965A-5DF7-4B8D-B92C-06F222916EC1}.Release|x86.ActiveCfg = Release|Win32
		{EEC4965A-5DF7-4B8D-B92C-06F222916EC1}.Release|x86.Build.0 = Release|Win32
		{EEC4965A-5DF7-4B8D-B92C-06F222916EC1}.Template|x64.ActiveCfg = Template|Win32
		{EEC4965A-5DF7-4B8D-B92C-06F222916EC1}.Template|x86.ActiveCfg = Template|Win32
		{EEC4965A-5DF7-4B8D-B92C-06F222916EC1}.Template|x86.Build.0 = Template|Win32
		{EEC4965A-5DF7-4B8D-B92C-06F222916EC1}.Test|x64.ActiveCfg = Test|Win32
		{EEC4965A-5DF7-4B8D-B92C-06F222916EC1}.Test|x86.ActiveCfg = Test|Win32
		{EEC4965A-5DF7-4B8D-B92C-06F222916EC1}.Test|x86.Build.0 = Test|Win32
		{449EF459-6E5A-4AB1-BB16-58E96B2F43C7}.Debug Browse|x64.ActiveCfg = Debug Browse|Win32
		{449EF459-6E5A-4AB1-BB16-58E96B2F43C7}.Debug Browse|x86.ActiveCfg = Debug Browse|Win32
		{449EF459-6E5A-4AB1-BB16-58E96B2F43C7}.Debug Browse|x86.Build.0 = Debug Browse|Win32
		{449EF459-6E5A-4AB1-BB16-58E96B2F43C7}.Debug_MBCS|x64.ActiveCfg = Debug Browse|Win32
		{449EF459-6E5A-4AB1-BB16-58E96B2F43C7}.Debug_MBCS|x64.Build.0 = Debug Browse|Win32
		{449EF459-6E5A-4AB1-BB16-58E96B2F43C7}.Debug_MBCS|x86.ActiveCfg = Debug Browse|Win32
		{449EF459-6E5A-4AB1-BB16-58E96B2F43C7}.Debug_MBCS|x86.Build.0 = Debug Browse|Win32
		{449EF459-6E5A-4AB1-BB16-58E96B2F43C7}.Debug|x64.ActiveCfg = Debug|Win32
		{449EF459-6E5A-4AB1-BB16-58E96B2F43C7}.Debug|x86.ActiveCfg = Debug|Win32
		{449EF459-6E5A-4AB1-BB16-58E96B2F43C7}.Debug|x86.Build.0 = Debug|Win32
		{449EF459-6E5A-4AB1-BB16-58E96B2F43C7}.Final with Logging|x64.ActiveCfg = Debug Browse|Win32
		{449EF459-6E5A-4AB1-BB16-58E96B2F43C7}.Final with Logging|x64.Build.0 = Debug Browse|Win32
		{449EF459-6E5A-4AB1-BB16-58E96B2F43C7}.Final with Logging|x86.ActiveCfg = Final|Win32
		{449EF459-6E5A-4AB1-BB16-58E96B2F43C7}.Final with Logging|x86.Build.0 = Final|Win32
		{449EF459-6E5A-4AB1-BB16-58E96B2F43C7}.Final|x64.ActiveCfg = Final|Win32
		{449EF459-6E5A-4AB1-BB16-58E96B2F43C7}.Final|x86.ActiveCfg = Final|Win32
		{449EF459-6E5A-4AB1-BB16-58E96B2F43C7}.Final|x86.Build.0 = Final|Win32
		{449EF459-6E5A-4AB1-BB16-58E96B2F43C7}.Leaks|x64.ActiveCfg = Debug Browse|Win32
		{449EF459-6E5A-4AB1-BB16-58E96B2F43C7}.Leaks|x64.Build.0 = Debug Browse|Win32
		{449EF459-6E5A-4AB1-BB16-58E96B2F43C7}.Leaks|x86.ActiveCfg = Debug Browse|Win32
		{449EF459-6E5A-4AB1-BB16-58E96B2F43C7}.Leaks|x86.Build.0 = Debug Browse|Win32
		{449EF459-6E5A-4AB1-BB16-58E96B2F43C7}.NDebug|x64.ActiveCfg = Debug Browse|Win32
		{449EF459-6E5A-4AB1-BB16-58E96B2F43C7}.NDebug|x64.Build.0 = Debug Browse|Win32
		{449EF459-6E5A-4AB1-BB16-58E96B2F43C7}.NDebug|x86.ActiveCfg = Debug|Win32
		{449EF459-6E5A-4AB1-BB16-58E96B2F43C7}.NDebug|x86.Build.0 = Debug|Win32
		{449EF459-6E5A-4AB1-BB16-58E96B2F43C7}.Optimized Test|x64.ActiveCfg = Debug Browse|Win32
		{449EF459-6E5A-4AB1-BB16-58E96B2F43C7}.Optimized Test|x64.Build.0 = Debug Browse|Win32
		{449EF459-6E5A-4AB1-BB16-58E96B2F43C7}.Optimized Test|x86.ActiveCfg = Debug Browse|Win32
		{449EF459-6E5A-4AB1-BB16-58E96B2F43C7}.Optimized Test|x86.Build.0 = Debug Browse|Win32
		{449EF459-6E5A-4AB1-BB16-58E96B2F43C7}.Release_MBCS|x64.ActiveCfg = Debug Browse|Win32
		{449EF459-6E5A-4AB1-BB16-58E96B2F43C7}.Release_MBCS|x64.Build.0 = Debug Browse|Win32
		{449EF459-6E5A-4AB1-BB16-58E96B2F43C7}.Release_MBCS|x86.ActiveCfg = Release|Win32
		{449EF459-6E5A-4AB1-BB16-58E96B2F43C7}.Release_MBCS|x86.Build.0 = Release|Win32
		{449EF459-6E5A-4AB1-BB16-58E96B2F43C7}.Release|x64.ActiveCfg = Release|Win32
		{449EF459-6E5A-4AB1-BB16-58E96B2F43C7}.Release|x86.ActiveCfg = Release|Win32
		{449EF459-6E5A-4AB1-BB16-58E96B2F43C7}.Release|x86.Build.0 = Release|Win32
		{449EF459-6E5A-4AB1-BB16-58E96B2F43C7}.Template|x64.ActiveCfg = Template|Win32
		{449EF459-6E5A-4AB1-BB16-58E96B2F43C7}.Template|x86.ActiveCfg = Template|Win32
		{449EF459-6E5A-4AB1-BB16-58E96B2F43C7}.Template|x86.Build.0 = Template|Win32
		{449EF459-6E5A-4AB1-BB16-58E96B2F43C7}.Test|x64.ActiveCfg = Debug Browse|Win32
		{449EF459-6E5A-4AB1-BB16-58E96B2F43C7}.Test|x64.Build.0 = Debug Browse|Win32
		{449EF459-6E5A-4AB1-BB16-58E96B2F43C7}.Test|x86.ActiveCfg = Template|Win32
		{449EF459-6E5A-4AB1-BB16-58E96B2F43C7}.Test|x86.Build.0 = Template|Win32
		{93334403-FB1E-4F47-8A45-4C72C8D3F609}.Debug Browse|x64.ActiveCfg = Debug Browse|Win32
		{93334403-FB1E-4F47-8A45-4C72C8D3F609}.Debug Browse|x86.ActiveCfg = Debug Browse|Win32
		{93334403-FB1E-4F47-8A45-4C72C8D3F609}.Debug Browse|x86.Build.0 = Debug Browse|Win32
		{93334403-FB1E-4F47-8A45-4C72C8D3F609}.Debug_MBCS|x64.ActiveCfg = Test|Win32
		{93334403-FB1E-4F47-8A45-4C72C8D3F609}.Debug_MBCS|x64.Build.0 = Test|Win32
		{93334403-FB1E-4F47-8A45-4C72C8D3F609}.Debug_MBCS|x86.ActiveCfg = Debug Browse|Win32
		{93334403-FB1E-4F47-8A45-4C72C8D3F609}.Debug_MBCS|x86.Build.0 = Debug Browse|Win32
		{93334403-FB1E-4F47-8A45-4C72C8D3F609}.Debug|x64.ActiveCfg = Debug|Win32
		{93334403-FB1E-4F47-8A45-4C72C8D3F609}.Debug|x86.ActiveCfg = Debug|Win32
		{93334403-FB1E-4F47-8A45-4C72C8D3F609}.Debug|x86.Build.0 = Debug|Win32
		{93334403-FB1E-4F47-8A45-4C72C8D3F609}.Final with Logging|x64.ActiveCfg = Test|Win32
		{93334403-FB1E-4F47-8A45-4C72C8D3F609}.Final with Logging|x64.Build.0 = Test|Win32
		{93334403-FB1E-4F47-8A45-4C72C8D3F609}.Final with Logging|x86.ActiveCfg = Final|Win32
		{93334403-FB1E-4F47-8A45-4C72C8D3F609}.Final with Logging|x86.Build.0 = Final|Win32
		{93334403-FB1E-4F47-8A45-4C72C8D3F609}.Final|x64.ActiveCfg = Final|Win32
		{93334403-FB1E-4F47-8A45-4C72C8D3F609}.Final|x86.ActiveCfg = Final|Win32
		{93334403-FB1E-4F47-8A45-4C72C8D3F609}.Final|x86.Build.0 = Final|Win32
		{93334403-FB1E-4F47-8A45-4C72C8D3F609}.Leaks|x64.ActiveCfg = Leaks|Win32
		{93334403-FB1E-4F47-8A45-4C72C8D3F609}.Leaks|x86.ActiveCfg = Leaks|Win32
		{93334403-FB1E-4F47-8A45-4C72C8D3F609}.Leaks|x86.Build.0 = Leaks|Win32
		{93334403-FB1E-4F47-8A45-4C72C8D3F609}.NDebug|x64.ActiveCfg = NDebug|Win32
		{93334403-FB1E-4F47-8A45-4C72C8D3F609}.NDebug|x86.ActiveCfg = NDebug|Win32
		{93334403-FB1E-4F47-8A45-4C72C8D3F609}.NDebug|x86.Build.0 = NDebug|Win32
		{93334403-FB1E-4F47-8A45-4C72C8D3F609}.Optimized Test|x64.ActiveCfg = Test|Win32
		{93334403-FB1E-4F47-8A45-4C72C8D3F609}.Optimized Test|x64.Build.0 = Test|Win32
		{93334403-FB1E-4F47-8A45-4C72C8D3F609}.Optimized Test|x86.ActiveCfg = Test|Win32
		{93334403-FB1E-4F47-8A45-4C72C8D3F609}.Optimized Test|x86.Build.0 = Test|Win32
		{93334403-FB1E-4F47-8A45-4C72C8D3F609}.Release_MBCS|x64.ActiveCfg = Test|Win32
		{93334403-FB1E-4F47-8A45-4C72C8D3F609}.Release_MBCS|x64.Build.0 = Test|Win32
		{93334403-FB1E-4F47-8A45-4C72C8D3F609}.Release_MBCS|x86.ActiveCfg = Release|Win32
		{93334403-FB1E-4F47-8A45-4C72C8D3F609}.Release_MBCS|x86.Build.0 = Release|Win32
		{93334403-FB1E-4F47-8A45-4C72C8D3F609}.Release|x64.ActiveCfg = Release|Win32
		{93334403-FB1E-4F47-8A45-4C72C8D3F609}.Release|x86.ActiveCfg = Release|Win32
		{93334403-FB1E-4F47-8A45-4C72C8D3F609}.Release|x86.Build.0 = Release|Win32
		{93334403-FB1E-4F47-8A45-4C72C8D3F609}.Template|x64.ActiveCfg = Template|Win32
		{93334403-FB1E-4F47-8A45-4C72C8D3F609}.Template|x86.ActiveCfg = Template|Win32
		{93334403-FB1E-4F47-8A45-4C72C8D3F609}.Template|x86.Build.0 = Template|Win32
		{93334403-FB1E-4F47-8A45-4C72C8D3F609}.Test|x64.ActiveCfg = Test|Win32
		{93334403-FB1E-4F47-8A45-4C72C8D3F609}.Test|x86.ActiveCfg = Test|Win32
		{93334403-FB1E-4F47-8A45-4C72C8D3F609}.Test|x86.Build.0 = Test|Win32
		{875F1620-E712-40C5-98C6-574F95243992}.Debug Browse|x64.ActiveCfg = Debug Browse|Win32
		{875F1620-E712-40C5-98C6-574F95243992}.Debug Browse|x86.ActiveCfg = Debug Browse|Win32
		{875F1620-E712-40C5-98C6-574F95243992}.Debug Browse|x86.Build.0 = Debug Browse|Win32
		{875F1620-E712-40C5-98C6-574F95243992}.Debug_MBCS|x64.ActiveCfg = Test|Win32
		{875F1620-E712-40C5-98C6-574F95243992}.Debug_MBCS|x64.Build.0 = Test|Win32
		{875F1620-E712-40C5-98C6-574F95243992}.Debug_MBCS|x86.ActiveCfg = Debug Browse|Win32
		{875F1620-E712-40C5-98C6-574F95243992}.Debug_MBCS|x86.Build.0 = Debug Browse|Win32
		{875F1620-E712-40C5-98C6-574F95243992}.Debug|x64.ActiveCfg = Debug|Win32
		{875F1620-E712-40C5-98C6-574F95243992}.Debug|x86.ActiveCfg = Debug|Win32
		{875F1620-E712-40C5-98C6-574F95243992}.Debug|x86.Build.0 = Debug|Win32
		{875F1620-E712-40C5-98C6-574F95243992}.Final with Logging|x64.ActiveCfg = Test|Win32
		{875F1620-E712-40C5-98C6-574F95243992}.Final with Logging|x64.Build.0 = Test|Win32
		{875F1620-E712-40C5-98C6-574F95243992}.Final with Logging|x86.ActiveCfg = Final|Win32
		{875F1620-E712-40C5-98C6-574F95243992}.Final with Logging|x86.Build.0 = Final|Win32
		{875F1620-E712-40C5-98C6-574F95243992}.Final|x64.ActiveCfg = Final|Win32
		{875F1620-E712-40C5-98C6-574F95243992}.Final|x86.ActiveCfg = Final|Win32
		{875F1620-E712-40C5-98C6-574F95243992}.Final|x86.Build.0 = Final|Win32
		{875F1620-E712-40C5-98C6-574F95243992}.Leaks|x64.ActiveCfg = Leaks|Win32
		{875F1620-E712-40C5-98C6-574F95243992}.Leaks|x86.ActiveCfg = Leaks|Win32
		{875F1620-E712-40C5-98C6-574F95243992}.Leaks|x86.Build.0 = Leaks|Win32
		{875F1620-E712-40C5-98C6-574F95243992}.NDebug|x64.ActiveCfg = NDebug|Win32
		{875F1620-E712-40C5-98C6-574F95243992}.NDebug|x86.ActiveCfg = NDebug|Win32
		{875F1620-E712-40C5-98C6-574F95243992}.NDebug|x86.Build.0 = NDebug|Win32
		{875F1620-E712-40C5-98C6-574F95243992}.Optimized Test|x64.ActiveCfg = Test|Win32
		{875F1620-E712-40C5-98C6-574F95243992}.Optimized Test|x64.Build.0 = Test|Win32
		{875F1620-E712-40C5-98C6-574F95243992}.Optimized Test|x86.ActiveCfg = Test|Win32
		{875F1620-E712-40C5-98C6-574F95243992}.Optimized Test|x86.Build.0 = Test|Win32
		{875F1620-E712-40C5-98C6-574F95243992}.Release_MBCS|x64.ActiveCfg = Test|Win32
		{875F1620-E712-40C5-98C6-574F95243992}.Release_MBCS|x64.Build.0 = Test|Win32
		{875F1620-E712-40C5-98C6-574F95243992}.Release_MBCS|x86.ActiveCfg = Release|Win32
		{875F1620-E712-40C5-98C6-574F95243992}.Release_MBCS|x86.Build.0 = Release|Win32
		{875F1620-E712-40C5-98C6-574F95243992}.Release|x64.ActiveCfg = Release|Win32
		{875F1620-E712-40C5-98C6-574F95243992}.Release|x86.ActiveCfg = Release|Win32
		{875F1620-E712-40C5-98C6-574F95243992}.Release|x86.Build.0 = Release|Win32
		{875F1620-E712-40C5-98C6-574F95243992}.Template|x64.ActiveCfg = Template|Win32
		{875F1620-E712-40C5-98C6-574F95243992}.Template|x86.ActiveCfg = Template|Win32
		{875F1620-E712-40C5-98C6-574F95243992}.Template|x86.Build.0 = Template|Win32
		{875F1620-E712-40C5-98C6-574F95243992}.Test|x64.ActiveCfg = Test|Win32
		{875F1620-E712-40C5-98C6-574F95243992}.Test|x86.ActiveCfg = Test|Win32
		{875F1620-E712-40C5-98C6-574F95243992}.Test|x86.Build.0 = Test|Win32
		{E8A3F6FA-AE1C-4C8E-A0B6-9C8480324EAA}.Debug Browse|x64.ActiveCfg = Debug|x64
		{E8A3F6FA-AE1C-4C8E-A0B6-9C8480324EAA}.Debug Browse|x64.Build.0 = Debug|x64
		{E8A3F6FA-AE1C-4C8E-A0B6-9C8480324EAA}.Debug Browse|x86.ActiveCfg = Debug_MBCS|Win32
		{E8A3F6FA-AE1C-4C8E-A0B6-9C8480324EAA}.Debug Browse|x86.Build.0 = Debug_MBCS|Win32
		{E8A3F6FA-AE1C-4C8E-A0B6-9C8480324EAA}.Debug_MBCS|x64.ActiveCfg = Debug_MBCS|x64
		{E8A3F6FA-AE1C-4C8E-A0B6-9C8480324EAA}.Debug_MBCS|x64.Build.0 = Debug_MBCS|x64
		{E8A3F6FA-AE1C-4C8E-A0B6-9C8480324EAA}.Debug_MBCS|x86.ActiveCfg = Debug_MBCS|Win32
		{E8A3F6FA-AE1C-4C8E-A0B6-9C8480324EAA}.Debug_MBCS|x86.Build.0 = Debug_MBCS|Win32
		{E8A3F6FA-AE1C-4C8E-A0B6-9C8480324EAA}.Debug|x64.ActiveCfg = Debug|x64
		{E8A3F6FA-AE1C-4C8E-A0B6-9C8480324EAA}.Debug|x64.Build.0 = Debug|x64
		{E8A3F6FA-AE1C-4C8E-A0B6-9C8480324EAA}.Debug|x86.ActiveCfg = Debug|Win32
		{E8A3F6FA-AE1C-4C8E-A0B6-9C8480324EAA}.Debug|x86.Build.0 = Debug|Win32
		{E8A3F6FA-AE1C-4C8E-A0B6-9C8480324EAA}.Final with Logging|x64.ActiveCfg = Release|x64
		{E8A3F6FA-AE1C-4C8E-A0B6-9C8480324EAA}.Final with Logging|x64.Build.0 = Release|x64
		{E8A3F6FA-AE1C-4C8E-A0B6-9C8480324EAA}.Final with Logging|x86.ActiveCfg = Release|Win32
		{E8A3F6FA-AE1C-4C8E-A0B6-9C8480324EAA}.Final with Logging|x86.Build.0 = Release|Win32
		{E8A3F6FA-AE1C-4C8E-A0B6-9C8480324EAA}.Final|x64.ActiveCfg = Release|x64
		{E8A3F6FA-AE1C-4C8E-A0B6-9C8480324EAA}.Final|x64.Build.0 = Release|x64
		{E8A3F6FA-AE1C-4C8E-A0B6-9C8480324EAA}.Final|x86.ActiveCfg = Release|Win32
		{E8A3F6FA-AE1C-4C8E-A0B6-9C8480324EAA}.Final|x86.Build.0 = Release|Win32
		{E8A3F6FA-AE1C-4C8E-A0B6-9C8480324EAA}.Leaks|x64.ActiveCfg = Release|x64
		{E8A3F6FA-AE1C-4C8E-A0B6-9C8480324EAA}.Leaks|x64.Build.0 = Release|x64
		{E8A3F6FA-AE1C-4C8E-A0B6-9C8480324EAA}.Leaks|x86.ActiveCfg = Release|Win32
		{E8A3F6FA-AE1C-4C8E-A0B6-9C8480324EAA}.Leaks|x86.Build.0 = Release|Win32
		{E8A3F6FA-AE1C-4C8E-A0B6-9C8480324EAA}.NDebug|x64.ActiveCfg = Debug|x64
		{E8A3F6FA-AE1C-4C8E-A0B6-9C8480324EAA}.NDebug|x64.Build.0 = Debug|x64
		{E8A3F6FA-AE1C-4C8E-A0B6-9C8480324EAA}.NDebug|x86.ActiveCfg = Debug|Win32
		{E8A3F6FA-AE1C-4C8E-A0B6-9C8480324EAA}.NDebug|x86.Build.0 = Debug|Win32
		{E8A3F6FA-AE1C-4C8E-A0B6-9C8480324EAA}.Optimized Test|x64.ActiveCfg = Release|x64
		{E8A3F6FA-AE1C-4C8E-A0B6-9C8480324EAA}.Optimized Test|x64.Build.0 = Release|x64
		{E8A3F6FA-AE1C-4C8E-A0B6-9C8480324EAA}.Optimized Test|x86.ActiveCfg = Release|Win32
		{E8A3F6FA-AE1C-4C8E-A0B6-9C8480324EAA}.Optimized Test|x86.Build.0 = Release|Win32
		{E8A3F6FA-AE1C-4C8E-A0B6-9C8480324EAA}.Release_MBCS|x64.ActiveCfg = Release_MBCS|x64
		{E8A3F6FA-AE1C-4C8E-A0B6-9C8480324EAA}.Release_MBCS|x64.Build.0 = Release_MBCS|x64
		{E8A3F6FA-AE1C-4C8E-A0B6-9C8480324EAA}.Release_MBCS|x86.ActiveCfg = Release_MBCS|Win32
		{E8A3F6FA-AE1C-4C8E-A0B6-9C8480324EAA}.Release_MBCS|x86.Build.0 = Release_MBCS|Win32
		{E8A3F6FA-AE1C-4C8E-A0B6-9C8480324EAA}.Release|x64.ActiveCfg = Release|x64
		{E8A3F6FA-AE1C-4C8E-A0B6-9C8480324EAA}.Release|x64.Build.0 = Release|x64
		{E8A3F6FA-AE1C-4C8E-A0B6-9C8480324EAA}.Release|x86.ActiveCfg = Release|Win32
		{E8A3F6FA-AE1C-4C8E-A0B6-9C8480324EAA}.Release|x86.Build.0 = Release|Win32
		{E8A3F6FA-AE1C-4C8E-A0B6-9C8480324EAA}.Template|x64.ActiveCfg = Release|x64
		{E8A3F6FA-AE1C-4C8E-A0B6-9C8480324EAA}.Template|x64.Build.0 = Release|x64
		{E8A3F6FA-AE1C-4C8E-A0B6-9C8480324EAA}.Template|x86.ActiveCfg = Release|Win32
		{E8A3F6FA-AE1C-4C8E-A0B6-9C8480324EAA}.Template|x86.Build.0 = Release|Win32
		{E8A3F6FA-AE1C-4C8E-A0B6-9C8480324EAA}.Test|x64.ActiveCfg = Release|x64
		{E8A3F6FA-AE1C-4C8E-A0B6-9C8480324EAA}.Test|x64.Build.0 = Release|x64
		{E8A3F6FA-AE1C-4C8E-A0B6-9C8480324EAA}.Test|x86.ActiveCfg = Release|Win32
		{E8A3F6FA-AE1C-4C8E-A0B6-9C8480324EAA}.Test|x86.Build.0 = Release|Win32
	EndGlobalSection
	GlobalSection(SolutionProperties) = preSolution
		HideSolutionNode = FALSE
	EndGlobalSection
	GlobalSection(ExtensibilityGlobals) = postSolution
		SolutionGuid = {66B10B26-1E22-40F9-B291-E4A4DB290B3B}
	EndGlobalSection
EndGlobal
